
Microsoft Visual Studio Solution File, Format Version 12.00
# Visual Studio Version 16
VisualStudioVersion = 16.0.30011.22
MinimumVisualStudioVersion = 10.0.40219.1
Project("{9A19103F-16F7-4668-BE54-9A1E7A4F7556}") = "Promotion.Domin", "Promotion.Domin\Promotion.Domin.csproj", "{92B97527-C633-405B-BDAB-78ED0DD02AC1}"
EndProject
Project("{9A19103F-16F7-4668-BE54-9A1E7A4F7556}") = "Promotion.Data", "Promotion.Data\Promotion.Data.csproj", "{AED25B82-4F09-42DB-8AAC-9E7B64EB1B14}"
EndProject
Project("{9A19103F-16F7-4668-BE54-9A1E7A4F7556}") = "Promotion.API", "Promotion.API\Promotion.API.csproj", "{B4BF47B6-9B66-478C-911A-264D8CD1984C}"
EndProject
Project("{FAE04EC0-301F-11D3-BF4B-00C04F79EFBC}") = "Promotion.Services", "Promotion.Service\Promotion.Services.csproj", "{DCB2DBB2-5C5B-4C3E-90E9-CD4FAA6FEF1E}"
EndProject
Project("{FAE04EC0-301F-11D3-BF4B-00C04F79EFBC}") = "Promotion.Common", "Promotion.Common\Promotion.Common.csproj", "{AAF56980-E432-4B7B-AD11-DDDD5049B51C}"
EndProject
Global
	GlobalSection(SolutionConfigurationPlatforms) = preSolution
		Debug|Any CPU = Debug|Any CPU
		Release|Any CPU = Release|Any CPU
	EndGlobalSection
	GlobalSection(ProjectConfigurationPlatforms) = postSolution
		{92B97527-C633-405B-BDAB-78ED0DD02AC1}.Debug|Any CPU.ActiveCfg = Debug|Any CPU
		{92B97527-C633-405B-BDAB-78ED0DD02AC1}.Debug|Any CPU.Build.0 = Debug|Any CPU
		{92B97527-C633-405B-BDAB-78ED0DD02AC1}.Release|Any CPU.ActiveCfg = Release|Any CPU
		{92B97527-C633-405B-BDAB-78ED0DD02AC1}.Release|Any CPU.Build.0 = Release|Any CPU
		{AED25B82-4F09-42DB-8AAC-9E7B64EB1B14}.Debug|Any CPU.ActiveCfg = Debug|Any CPU
		{AED25B82-4F09-42DB-8AAC-9E7B64EB1B14}.Debug|Any CPU.Build.0 = Debug|Any CPU
		{AED25B82-4F09-42DB-8AAC-9E7B64EB1B14}.Release|Any CPU.ActiveCfg = Release|Any CPU
		{AED25B82-4F09-42DB-8AAC-9E7B64EB1B14}.Release|Any CPU.Build.0 = Release|Any CPU
		{B4BF47B6-9B66-478C-911A-264D8CD1984C}.Debug|Any CPU.ActiveCfg = Debug|Any CPU
		{B4BF47B6-9B66-478C-911A-264D8CD1984C}.Debug|Any CPU.Build.0 = Debug|Any CPU
		{B4BF47B6-9B66-478C-911A-264D8CD1984C}.Release|Any CPU.ActiveCfg = Release|Any CPU
		{B4BF47B6-9B66-478C-911A-264D8CD1984C}.Release|Any CPU.Build.0 = Release|Any CPU
		{DCB2DBB2-5C5B-4C3E-90E9-CD4FAA6FEF1E}.Debug|Any CPU.ActiveCfg = Debug|Any CPU
		{DCB2DBB2-5C5B-4C3E-90E9-CD4FAA6FEF1E}.Debug|Any CPU.Build.0 = Debug|Any CPU
		{DCB2DBB2-5C5B-4C3E-90E9-CD4FAA6FEF1E}.Release|Any CPU.ActiveCfg = Release|Any CPU
		{DCB2DBB2-5C5B-4C3E-90E9-CD4FAA6FEF1E}.Release|Any CPU.Build.0 = Release|Any CPU
		{AAF56980-E432-4B7B-AD11-DDDD5049B51C}.Debug|Any CPU.ActiveCfg = Debug|Any CPU
		{AAF56980-E432-4B7B-AD11-DDDD5049B51C}.Debug|Any CPU.Build.0 = Debug|Any CPU
		{AAF56980-E432-4B7B-AD11-DDDD5049B51C}.Release|Any CPU.ActiveCfg = Release|Any CPU
		{AAF56980-E432-4B7B-AD11-DDDD5049B51C}.Release|Any CPU.Build.0 = Release|Any CPU
	EndGlobalSection
	GlobalSection(SolutionProperties) = preSolution
		HideSolutionNode = FALSE
	EndGlobalSection
	GlobalSection(ExtensibilityGlobals) = postSolution
		SolutionGuid = {A8C056DA-3EE2-421F-AFEB-244F4C5D817C}
	EndGlobalSection
EndGlobal
