
Microsoft Visual Studio Solution File, Format Version 12.00
# Visual Studio Version 16
VisualStudioVersion = 16.0.30011.22
MinimumVisualStudioVersion = 10.0.40219.1
Project("{2150E333-8FDC-42A3-9474-1A3956D46DE8}") = "Shared", "Shared", "{D7A2E236-E31F-4705-8C24-825DE9DFC15F}"
EndProject
Project("{2150E333-8FDC-42A3-9474-1A3956D46DE8}") = "Servers", "Servers", "{AA4D35CA-D7A8-4E29-BEAE-19917EE37633}"
EndProject
Project("{9A19103F-16F7-4668-BE54-9A1E7A4F7556}") = "Huatek.Torch.Core", "Shared\Huatek.Torch.Core\Huatek.Torch.Core.csproj", "{66866A36-32D7-43F7-9007-A3AC2E456E71}"
EndProject
Project("{9A19103F-16F7-4668-BE54-9A1E7A4F7556}") = "Huatek.Torch.Domain.Abstractions", "Shared\Huatek.Torch.Domain.Abstractions\Huatek.Torch.Domain.Abstractions.csproj", "{C491571B-C492-478E-8A53-A881E931A3EC}"
EndProject
Project("{9A19103F-16F7-4668-BE54-9A1E7A4F7556}") = "Huatek.Torch.Extensions.Http", "Shared\Huatek.Torch.Extensions.Http\Huatek.Torch.Extensions.Http.csproj", "{4303B30C-152B-4642-84C7-1E97B0532EE0}"
EndProject
Project("{9A19103F-16F7-4668-BE54-9A1E7A4F7556}") = "Huatek.Torch.Infrastructure.Core", "Shared\Huatek.Torch.Infrastructure.Core\Huatek.Torch.Infrastructure.Core.csproj", "{CCAC06D2-EA7F-4FAF-803E-0497D05DA9B3}"
EndProject
Project("{2150E333-8FDC-42A3-9474-1A3956D46DE8}") = "Promotion", "Promotion", "{84BEC012-469B-4458-9B8B-DDD9DF5E0E7A}"
EndProject
Project("{2150E333-8FDC-42A3-9474-1A3956D46DE8}") = "Tests", "Tests", "{43E9824A-643B-47A3-A1FE-CC5A2054569A}"
EndProject
Project("{2150E333-8FDC-42A3-9474-1A3956D46DE8}") = "ServiceTest", "ServiceTest", "{4D76434E-71C8-4B2A-ABA5-915065E51482}"
EndProject
Project("{2150E333-8FDC-42A3-9474-1A3956D46DE8}") = "tests", "tests", "{2AE0A4E1-9C28-4E80-8ACD-0E72CA8A2033}"
EndProject
Project("{9A19103F-16F7-4668-BE54-9A1E7A4F7556}") = "Huatek.Torch.Promotions.XUnitTest", "Servers\Promotion\test\Huatek.Torch.Promotions.XUnitTest\Huatek.Torch.Promotions.XUnitTest.csproj", "{F4826DFE-D9CF-4BF2-89B6-7FD55B890FF0}"
EndProject
Project("{9A19103F-16F7-4668-BE54-9A1E7A4F7556}") = "Huatek.Torch.Promotions.API", "Servers\Promotion\Huatek.Torch.Promotions.API\Huatek.Torch.Promotions.API.csproj", "{A93A3EAF-71D7-4056-8CD6-B3EB930BAE33}"
EndProject
Project("{9A19103F-16F7-4668-BE54-9A1E7A4F7556}") = "Huatek.Torch.Promotions.Domain", "Servers\Promotion\Huatek.Torch.Promotions.Domin\Huatek.Torch.Promotions.Domain.csproj", "{5B3388BE-6920-4E71-9FC3-FCB0AC3167B5}"
EndProject
Project("{9A19103F-16F7-4668-BE54-9A1E7A4F7556}") = "Huatek.Torch.Promotions.Infrastructure", "Servers\Promotion\Huatek.Torch.Promotions.Infrastructure\Huatek.Torch.Promotions.Infrastructure.csproj", "{E5E428BD-1BF5-4DEA-9896-AE4D49CB346F}"
EndProject
Project("{9A19103F-16F7-4668-BE54-9A1E7A4F7556}") = "Huatek.Torch.Promotions.Service", "Servers\Promotion\Huatek.Torch.Promotions.Service\Huatek.Torch.Promotions.Service.csproj", "{44EDB5CB-5201-48C9-BC6D-DB34E216C2C6}"
EndProject
Project("{9A19103F-16F7-4668-BE54-9A1E7A4F7556}") = "Huatek.Torch.Promotions.APP", "Servers\Promotion\Huatek.Torch.Promotions.APP\Huatek.Torch.Promotions.APP.csproj", "{0D0A2C71-FAD4-4F06-9FED-61CAF8899250}"
EndProject
Global
	GlobalSection(SolutionConfigurationPlatforms) = preSolution
		Debug|Any CPU = Debug|Any CPU
		Release|Any CPU = Release|Any CPU
	EndGlobalSection
	GlobalSection(ProjectConfigurationPlatforms) = postSolution
		{66866A36-32D7-43F7-9007-A3AC2E456E71}.Debug|Any CPU.ActiveCfg = Debug|Any CPU
		{66866A36-32D7-43F7-9007-A3AC2E456E71}.Debug|Any CPU.Build.0 = Debug|Any CPU
		{66866A36-32D7-43F7-9007-A3AC2E456E71}.Release|Any CPU.ActiveCfg = Release|Any CPU
		{66866A36-32D7-43F7-9007-A3AC2E456E71}.Release|Any CPU.Build.0 = Release|Any CPU
		{C491571B-C492-478E-8A53-A881E931A3EC}.Debug|Any CPU.ActiveCfg = Debug|Any CPU
		{C491571B-C492-478E-8A53-A881E931A3EC}.Debug|Any CPU.Build.0 = Debug|Any CPU
		{C491571B-C492-478E-8A53-A881E931A3EC}.Release|Any CPU.ActiveCfg = Release|Any CPU
		{C491571B-C492-478E-8A53-A881E931A3EC}.Release|Any CPU.Build.0 = Release|Any CPU
		{4303B30C-152B-4642-84C7-1E97B0532EE0}.Debug|Any CPU.ActiveCfg = Debug|Any CPU
		{4303B30C-152B-4642-84C7-1E97B0532EE0}.Debug|Any CPU.Build.0 = Debug|Any CPU
		{4303B30C-152B-4642-84C7-1E97B0532EE0}.Release|Any CPU.ActiveCfg = Release|Any CPU
		{4303B30C-152B-4642-84C7-1E97B0532EE0}.Release|Any CPU.Build.0 = Release|Any CPU
		{CCAC06D2-EA7F-4FAF-803E-0497D05DA9B3}.Debug|Any CPU.ActiveCfg = Debug|Any CPU
		{CCAC06D2-EA7F-4FAF-803E-0497D05DA9B3}.Debug|Any CPU.Build.0 = Debug|Any CPU
		{CCAC06D2-EA7F-4FAF-803E-0497D05DA9B3}.Release|Any CPU.ActiveCfg = Release|Any CPU
		{CCAC06D2-EA7F-4FAF-803E-0497D05DA9B3}.Release|Any CPU.Build.0 = Release|Any CPU
		{F4826DFE-D9CF-4BF2-89B6-7FD55B890FF0}.Debug|Any CPU.ActiveCfg = Debug|Any CPU
		{F4826DFE-D9CF-4BF2-89B6-7FD55B890FF0}.Debug|Any CPU.Build.0 = Debug|Any CPU
		{F4826DFE-D9CF-4BF2-89B6-7FD55B890FF0}.Release|Any CPU.ActiveCfg = Release|Any CPU
		{F4826DFE-D9CF-4BF2-89B6-7FD55B890FF0}.Release|Any CPU.Build.0 = Release|Any CPU
		{A93A3EAF-71D7-4056-8CD6-B3EB930BAE33}.Debug|Any CPU.ActiveCfg = Debug|Any CPU
		{A93A3EAF-71D7-4056-8CD6-B3EB930BAE33}.Debug|Any CPU.Build.0 = Debug|Any CPU
		{A93A3EAF-71D7-4056-8CD6-B3EB930BAE33}.Release|Any CPU.ActiveCfg = Release|Any CPU
		{A93A3EAF-71D7-4056-8CD6-B3EB930BAE33}.Release|Any CPU.Build.0 = Release|Any CPU
		{5B3388BE-6920-4E71-9FC3-FCB0AC3167B5}.Debug|Any CPU.ActiveCfg = Debug|Any CPU
		{5B3388BE-6920-4E71-9FC3-FCB0AC3167B5}.Debug|Any CPU.Build.0 = Debug|Any CPU
		{5B3388BE-6920-4E71-9FC3-FCB0AC3167B5}.Release|Any CPU.ActiveCfg = Release|Any CPU
		{5B3388BE-6920-4E71-9FC3-FCB0AC3167B5}.Release|Any CPU.Build.0 = Release|Any CPU
		{E5E428BD-1BF5-4DEA-9896-AE4D49CB346F}.Debug|Any CPU.ActiveCfg = Debug|Any CPU
		{E5E428BD-1BF5-4DEA-9896-AE4D49CB346F}.Debug|Any CPU.Build.0 = Debug|Any CPU
		{E5E428BD-1BF5-4DEA-9896-AE4D49CB346F}.Release|Any CPU.ActiveCfg = Release|Any CPU
		{E5E428BD-1BF5-4DEA-9896-AE4D49CB346F}.Release|Any CPU.Build.0 = Release|Any CPU
		{44EDB5CB-5201-48C9-BC6D-DB34E216C2C6}.Debug|Any CPU.ActiveCfg = Debug|Any CPU
		{44EDB5CB-5201-48C9-BC6D-DB34E216C2C6}.Debug|Any CPU.Build.0 = Debug|Any CPU
		{44EDB5CB-5201-48C9-BC6D-DB34E216C2C6}.Release|Any CPU.ActiveCfg = Release|Any CPU
		{44EDB5CB-5201-48C9-BC6D-DB34E216C2C6}.Release|Any CPU.Build.0 = Release|Any CPU
		{0D0A2C71-FAD4-4F06-9FED-61CAF8899250}.Debug|Any CPU.ActiveCfg = Debug|Any CPU
		{0D0A2C71-FAD4-4F06-9FED-61CAF8899250}.Debug|Any CPU.Build.0 = Debug|Any CPU
		{0D0A2C71-FAD4-4F06-9FED-61CAF8899250}.Release|Any CPU.ActiveCfg = Release|Any CPU
		{0D0A2C71-FAD4-4F06-9FED-61CAF8899250}.Release|Any CPU.Build.0 = Release|Any CPU
	EndGlobalSection
	GlobalSection(SolutionProperties) = preSolution
		HideSolutionNode = FALSE
	EndGlobalSection
	GlobalSection(NestedProjects) = preSolution
		{66866A36-32D7-43F7-9007-A3AC2E456E71} = {D7A2E236-E31F-4705-8C24-825DE9DFC15F}
		{C491571B-C492-478E-8A53-A881E931A3EC} = {D7A2E236-E31F-4705-8C24-825DE9DFC15F}
		{4303B30C-152B-4642-84C7-1E97B0532EE0} = {D7A2E236-E31F-4705-8C24-825DE9DFC15F}
		{CCAC06D2-EA7F-4FAF-803E-0497D05DA9B3} = {D7A2E236-E31F-4705-8C24-825DE9DFC15F}
		{84BEC012-469B-4458-9B8B-DDD9DF5E0E7A} = {AA4D35CA-D7A8-4E29-BEAE-19917EE37633}
		{4D76434E-71C8-4B2A-ABA5-915065E51482} = {43E9824A-643B-47A3-A1FE-CC5A2054569A}
		{2AE0A4E1-9C28-4E80-8ACD-0E72CA8A2033} = {84BEC012-469B-4458-9B8B-DDD9DF5E0E7A}
		{F4826DFE-D9CF-4BF2-89B6-7FD55B890FF0} = {2AE0A4E1-9C28-4E80-8ACD-0E72CA8A2033}
		{A93A3EAF-71D7-4056-8CD6-B3EB930BAE33} = {84BEC012-469B-4458-9B8B-DDD9DF5E0E7A}
		{5B3388BE-6920-4E71-9FC3-FCB0AC3167B5} = {84BEC012-469B-4458-9B8B-DDD9DF5E0E7A}
		{E5E428BD-1BF5-4DEA-9896-AE4D49CB346F} = {84BEC012-469B-4458-9B8B-DDD9DF5E0E7A}
		{44EDB5CB-5201-48C9-BC6D-DB34E216C2C6} = {84BEC012-469B-4458-9B8B-DDD9DF5E0E7A}
		{0D0A2C71-FAD4-4F06-9FED-61CAF8899250} = {84BEC012-469B-4458-9B8B-DDD9DF5E0E7A}
	EndGlobalSection
	GlobalSection(ExtensibilityGlobals) = postSolution
		SolutionGuid = {A8C056DA-3EE2-421F-AFEB-244F4C5D817C}
	EndGlobalSection
EndGlobal
